// !$*UTF8*$!
{
	archiveVersion = 1;
	classes = {
	};
	objectVersion = 46;
	objects = {

/* Begin PBXBuildFile section */
		1AE9363118E39CC0000C29B0 /* Foundation.framework in Frameworks */ = {isa = PBXBuildFile; fileRef = 1AE9363018E39CC0000C29B0 /* Foundation.framework */; };
		1AE9363318E39CC0000C29B0 /* CoreGraphics.framework in Frameworks */ = {isa = PBXBuildFile; fileRef = 1AE9363218E39CC0000C29B0 /* CoreGraphics.framework */; };
		1AE9363518E39CC0000C29B0 /* UIKit.framework in Frameworks */ = {isa = PBXBuildFile; fileRef = 1AE9363418E39CC0000C29B0 /* UIKit.framework */; };
		1AE9363B18E39CC0000C29B0 /* InfoPlist.strings in Resources */ = {isa = PBXBuildFile; fileRef = 1AE9363918E39CC0000C29B0 /* InfoPlist.strings */; };
		1AE9363D18E39CC0000C29B0 /* main.m in Sources */ = {isa = PBXBuildFile; fileRef = 1AE9363C18E39CC0000C29B0 /* main.m */; };
		1AE9364118E39CC0000C29B0 /* AppDelegate.m in Sources */ = {isa = PBXBuildFile; fileRef = 1AE9364018E39CC0000C29B0 /* AppDelegate.m */; };
		1AE9364418E39CC0000C29B0 /* Main_iPhone.storyboard in Resources */ = {isa = PBXBuildFile; fileRef = 1AE9364218E39CC0000C29B0 /* Main_iPhone.storyboard */; };
		1AE9364718E39CC0000C29B0 /* Main_iPad.storyboard in Resources */ = {isa = PBXBuildFile; fileRef = 1AE9364518E39CC0000C29B0 /* Main_iPad.storyboard */; };
		1AE9364A18E39CC0000C29B0 /* MasterViewController.m in Sources */ = {isa = PBXBuildFile; fileRef = 1AE9364918E39CC0000C29B0 /* MasterViewController.m */; };
		1AE9364D18E39CC0000C29B0 /* DetailViewController.m in Sources */ = {isa = PBXBuildFile; fileRef = 1AE9364C18E39CC0000C29B0 /* DetailViewController.m */; };
		1AE9364F18E39CC1000C29B0 /* Images.xcassets in Resources */ = {isa = PBXBuildFile; fileRef = 1AE9364E18E39CC1000C29B0 /* Images.xcassets */; };
		1AE9365618E39CC1000C29B0 /* XCTest.framework in Frameworks */ = {isa = PBXBuildFile; fileRef = 1AE9365518E39CC1000C29B0 /* XCTest.framework */; };
		1AE9365718E39CC1000C29B0 /* Foundation.framework in Frameworks */ = {isa = PBXBuildFile; fileRef = 1AE9363018E39CC0000C29B0 /* Foundation.framework */; };
		1AE9365818E39CC1000C29B0 /* UIKit.framework in Frameworks */ = {isa = PBXBuildFile; fileRef = 1AE9363418E39CC0000C29B0 /* UIKit.framework */; };
		1AE9366018E39CC1000C29B0 /* InfoPlist.strings in Resources */ = {isa = PBXBuildFile; fileRef = 1AE9365E18E39CC1000C29B0 /* InfoPlist.strings */; };
		1AE9366218E39CC1000C29B0 /* Test_AppTests.m in Sources */ = {isa = PBXBuildFile; fileRef = 1AE9366118E39CC1000C29B0 /* Test_AppTests.m */; };
/* End PBXBuildFile section */

/* Begin PBXContainerItemProxy section */
		1AE9365918E39CC1000C29B0 /* PBXContainerItemProxy */ = {
			isa = PBXContainerItemProxy;
			containerPortal = 1AE9362518E39CC0000C29B0 /* Project object */;
			proxyType = 1;
			remoteGlobalIDString = 1AE9362C18E39CC0000C29B0;
			remoteInfo = "Test App";
		};
/* End PBXContainerItemProxy section */

/* Begin PBXFileReference section */
		1AE9362D18E39CC0000C29B0 /* Test App.app */ = {isa = PBXFileReference; explicitFileType = wrapper.application; includeInIndex = 0; path = "Test App.app"; sourceTree = BUILT_PRODUCTS_DIR; };
		1AE9363018E39CC0000C29B0 /* Foundation.framework */ = {isa = PBXFileReference; lastKnownFileType = wrapper.framework; name = Foundation.framework; path = System/Library/Frameworks/Foundation.framework; sourceTree = SDKROOT; };
		1AE9363218E39CC0000C29B0 /* CoreGraphics.framework */ = {isa = PBXFileReference; lastKnownFileType = wrapper.framework; name = CoreGraphics.framework; path = System/Library/Frameworks/CoreGraphics.framework; sourceTree = SDKROOT; };
		1AE9363418E39CC0000C29B0 /* UIKit.framework */ = {isa = PBXFileReference; lastKnownFileType = wrapper.framework; name = UIKit.framework; path = System/Library/Frameworks/UIKit.framework; sourceTree = SDKROOT; };
		1AE9363818E39CC0000C29B0 /* Test App-Info.plist */ = {isa = PBXFileReference; lastKnownFileType = text.plist.xml; path = "Test App-Info.plist"; sourceTree = "<group>"; };
		1AE9363A18E39CC0000C29B0 /* en */ = {isa = PBXFileReference; lastKnownFileType = text.plist.strings; name = en; path = en.lproj/InfoPlist.strings; sourceTree = "<group>"; };
		1AE9363C18E39CC0000C29B0 /* main.m */ = {isa = PBXFileReference; lastKnownFileType = sourcecode.c.objc; path = main.m; sourceTree = "<group>"; };
		1AE9363E18E39CC0000C29B0 /* Test App-Prefix.pch */ = {isa = PBXFileReference; lastKnownFileType = sourcecode.c.h; path = "Test App-Prefix.pch"; sourceTree = "<group>"; };
		1AE9363F18E39CC0000C29B0 /* AppDelegate.h */ = {isa = PBXFileReference; lastKnownFileType = sourcecode.c.h; path = AppDelegate.h; sourceTree = "<group>"; };
		1AE9364018E39CC0000C29B0 /* AppDelegate.m */ = {isa = PBXFileReference; lastKnownFileType = sourcecode.c.objc; path = AppDelegate.m; sourceTree = "<group>"; };
		1AE9364318E39CC0000C29B0 /* Base */ = {isa = PBXFileReference; lastKnownFileType = file.storyboard; name = Base; path = Base.lproj/Main_iPhone.storyboard; sourceTree = "<group>"; };
		1AE9364618E39CC0000C29B0 /* Base */ = {isa = PBXFileReference; lastKnownFileType = file.storyboard; name = Base; path = Base.lproj/Main_iPad.storyboard; sourceTree = "<group>"; };
		1AE9364818E39CC0000C29B0 /* MasterViewController.h */ = {isa = PBXFileReference; lastKnownFileType = sourcecode.c.h; path = MasterViewController.h; sourceTree = "<group>"; };
		1AE9364918E39CC0000C29B0 /* MasterViewController.m */ = {isa = PBXFileReference; lastKnownFileType = sourcecode.c.objc; path = MasterViewController.m; sourceTree = "<group>"; };
		1AE9364B18E39CC0000C29B0 /* DetailViewController.h */ = {isa = PBXFileReference; lastKnownFileType = sourcecode.c.h; path = DetailViewController.h; sourceTree = "<group>"; };
		1AE9364C18E39CC0000C29B0 /* DetailViewController.m */ = {isa = PBXFileReference; lastKnownFileType = sourcecode.c.objc; path = DetailViewController.m; sourceTree = "<group>"; };
		1AE9364E18E39CC1000C29B0 /* Images.xcassets */ = {isa = PBXFileReference; lastKnownFileType = folder.assetcatalog; path = Images.xcassets; sourceTree = "<group>"; };
		1AE9365418E39CC1000C29B0 /* Test AppTests.xctest */ = {isa = PBXFileReference; explicitFileType = wrapper.cfbundle; includeInIndex = 0; path = "Test AppTests.xctest"; sourceTree = BUILT_PRODUCTS_DIR; };
		1AE9365518E39CC1000C29B0 /* XCTest.framework */ = {isa = PBXFileReference; lastKnownFileType = wrapper.framework; name = XCTest.framework; path = Library/Frameworks/XCTest.framework; sourceTree = DEVELOPER_DIR; };
		1AE9365D18E39CC1000C29B0 /* Test AppTests-Info.plist */ = {isa = PBXFileReference; lastKnownFileType = text.plist.xml; path = "Test AppTests-Info.plist"; sourceTree = "<group>"; };
		1AE9365F18E39CC1000C29B0 /* en */ = {isa = PBXFileReference; lastKnownFileType = text.plist.strings; name = en; path = en.lproj/InfoPlist.strings; sourceTree = "<group>"; };
		1AE9366118E39CC1000C29B0 /* Test_AppTests.m */ = {isa = PBXFileReference; lastKnownFileType = sourcecode.c.objc; path = Test_AppTests.m; sourceTree = "<group>"; };
/* End PBXFileReference section */

/* Begin PBXFrameworksBuildPhase section */
		1AE9362A18E39CC0000C29B0 /* Frameworks */ = {
			isa = PBXFrameworksBuildPhase;
			buildActionMask = 2147483647;
			files = (
				1AE9363318E39CC0000C29B0 /* CoreGraphics.framework in Frameworks */,
				1AE9363518E39CC0000C29B0 /* UIKit.framework in Frameworks */,
				1AE9363118E39CC0000C29B0 /* Foundation.framework in Frameworks */,
			);
			runOnlyForDeploymentPostprocessing = 0;
		};
		1AE9365118E39CC1000C29B0 /* Frameworks */ = {
			isa = PBXFrameworksBuildPhase;
			buildActionMask = 2147483647;
			files = (
				1AE9365618E39CC1000C29B0 /* XCTest.framework in Frameworks */,
				1AE9365818E39CC1000C29B0 /* UIKit.framework in Frameworks */,
				1AE9365718E39CC1000C29B0 /* Foundation.framework in Frameworks */,
			);
			runOnlyForDeploymentPostprocessing = 0;
		};
/* End PBXFrameworksBuildPhase section */

/* Begin PBXGroup section */
		1AE9362418E39CC0000C29B0 = {
			isa = PBXGroup;
			children = (
				1AE9363618E39CC0000C29B0 /* Test App */,
				1AE9365B18E39CC1000C29B0 /* Test AppTests */,
				1AE9362F18E39CC0000C29B0 /* Frameworks */,
				1AE9362E18E39CC0000C29B0 /* Products */,
			);
			sourceTree = "<group>";
		};
		1AE9362E18E39CC0000C29B0 /* Products */ = {
			isa = PBXGroup;
			children = (
				1AE9362D18E39CC0000C29B0 /* Test App.app */,
				1AE9365418E39CC1000C29B0 /* Test AppTests.xctest */,
			);
			name = Products;
			sourceTree = "<group>";
		};
		1AE9362F18E39CC0000C29B0 /* Frameworks */ = {
			isa = PBXGroup;
			children = (
				1AE9363018E39CC0000C29B0 /* Foundation.framework */,
				1AE9363218E39CC0000C29B0 /* CoreGraphics.framework */,
				1AE9363418E39CC0000C29B0 /* UIKit.framework */,
				1AE9365518E39CC1000C29B0 /* XCTest.framework */,
			);
			name = Frameworks;
			sourceTree = "<group>";
		};
		1AE9363618E39CC0000C29B0 /* Test App */ = {
			isa = PBXGroup;
			children = (
				1AE9363F18E39CC0000C29B0 /* AppDelegate.h */,
				1AE9364018E39CC0000C29B0 /* AppDelegate.m */,
				1AE9364218E39CC0000C29B0 /* Main_iPhone.storyboard */,
				1AE9364518E39CC0000C29B0 /* Main_iPad.storyboard */,
				1AE9364818E39CC0000C29B0 /* MasterViewController.h */,
				1AE9364918E39CC0000C29B0 /* MasterViewController.m */,
				1AE9364B18E39CC0000C29B0 /* DetailViewController.h */,
				1AE9364C18E39CC0000C29B0 /* DetailViewController.m */,
				1AE9364E18E39CC1000C29B0 /* Images.xcassets */,
				1AE9363718E39CC0000C29B0 /* Supporting Files */,
			);
			path = "Test App";
			sourceTree = "<group>";
		};
		1AE9363718E39CC0000C29B0 /* Supporting Files */ = {
			isa = PBXGroup;
			children = (
				1AE9363818E39CC0000C29B0 /* Test App-Info.plist */,
				1AE9363918E39CC0000C29B0 /* InfoPlist.strings */,
				1AE9363C18E39CC0000C29B0 /* main.m */,
				1AE9363E18E39CC0000C29B0 /* Test App-Prefix.pch */,
			);
			name = "Supporting Files";
			sourceTree = "<group>";
		};
		1AE9365B18E39CC1000C29B0 /* Test AppTests */ = {
			isa = PBXGroup;
			children = (
				1AE9366118E39CC1000C29B0 /* Test_AppTests.m */,
				1AE9365C18E39CC1000C29B0 /* Supporting Files */,
			);
			path = "Test AppTests";
			sourceTree = "<group>";
		};
		1AE9365C18E39CC1000C29B0 /* Supporting Files */ = {
			isa = PBXGroup;
			children = (
				1AE9365D18E39CC1000C29B0 /* Test AppTests-Info.plist */,
				1AE9365E18E39CC1000C29B0 /* InfoPlist.strings */,
			);
			name = "Supporting Files";
			sourceTree = "<group>";
		};
/* End PBXGroup section */

/* Begin PBXNativeTarget section */
		1AE9362C18E39CC0000C29B0 /* Test App */ = {
			isa = PBXNativeTarget;
			buildConfigurationList = 1AE9366518E39CC1000C29B0 /* Build configuration list for PBXNativeTarget "Test App" */;
			buildPhases = (
				1AE9362918E39CC0000C29B0 /* Sources */,
				1AE9362A18E39CC0000C29B0 /* Frameworks */,
				1AE9362B18E39CC0000C29B0 /* Resources */,
			);
			buildRules = (
			);
			dependencies = (
			);
			name = "Test App";
			productName = "Test App";
			productReference = 1AE9362D18E39CC0000C29B0 /* Test App.app */;
			productType = "com.apple.product-type.application";
		};
		1AE9365318E39CC1000C29B0 /* Test AppTests */ = {
			isa = PBXNativeTarget;
			buildConfigurationList = 1AE9366818E39CC1000C29B0 /* Build configuration list for PBXNativeTarget "Test AppTests" */;
			buildPhases = (
				1AE9365018E39CC1000C29B0 /* Sources */,
				1AE9365118E39CC1000C29B0 /* Frameworks */,
				1AE9365218E39CC1000C29B0 /* Resources */,
			);
			buildRules = (
			);
			dependencies = (
				1AE9365A18E39CC1000C29B0 /* PBXTargetDependency */,
			);
			name = "Test AppTests";
			productName = "Test AppTests";
			productReference = 1AE9365418E39CC1000C29B0 /* Test AppTests.xctest */;
			productType = "com.apple.product-type.bundle.unit-test";
		};
/* End PBXNativeTarget section */

/* Begin PBXProject section */
		1AE9362518E39CC0000C29B0 /* Project object */ = {
			isa = PBXProject;
			attributes = {
				LastUpgradeCheck = 0510;
				ORGANIZATIONNAME = "Hey Jimmy Ltd.";
				TargetAttributes = {
					1AE9365318E39CC1000C29B0 = {
						TestTargetID = 1AE9362C18E39CC0000C29B0;
					};
				};
			};
			buildConfigurationList = 1AE9362818E39CC0000C29B0 /* Build configuration list for PBXProject "Test App" */;
			compatibilityVersion = "Xcode 3.2";
			developmentRegion = English;
			hasScannedForEncodings = 0;
			knownRegions = (
				en,
				Base,
			);
			mainGroup = 1AE9362418E39CC0000C29B0;
			productRefGroup = 1AE9362E18E39CC0000C29B0 /* Products */;
			projectDirPath = "";
			projectRoot = "";
			targets = (
				1AE9362C18E39CC0000C29B0 /* Test App */,
				1AE9365318E39CC1000C29B0 /* Test AppTests */,
			);
		};
/* End PBXProject section */

/* Begin PBXResourcesBuildPhase section */
		1AE9362B18E39CC0000C29B0 /* Resources */ = {
			isa = PBXResourcesBuildPhase;
			buildActionMask = 2147483647;
			files = (
				1AE9364718E39CC0000C29B0 /* Main_iPad.storyboard in Resources */,
				1AE9364F18E39CC1000C29B0 /* Images.xcassets in Resources */,
				1AE9364418E39CC0000C29B0 /* Main_iPhone.storyboard in Resources */,
				1AE9363B18E39CC0000C29B0 /* InfoPlist.strings in Resources */,
			);
			runOnlyForDeploymentPostprocessing = 0;
		};
		1AE9365218E39CC1000C29B0 /* Resources */ = {
			isa = PBXResourcesBuildPhase;
			buildActionMask = 2147483647;
			files = (
				1AE9366018E39CC1000C29B0 /* InfoPlist.strings in Resources */,
			);
			runOnlyForDeploymentPostprocessing = 0;
		};
/* End PBXResourcesBuildPhase section */

/* Begin PBXSourcesBuildPhase section */
		1AE9362918E39CC0000C29B0 /* Sources */ = {
			isa = PBXSourcesBuildPhase;
			buildActionMask = 2147483647;
			files = (
				1AE9364118E39CC0000C29B0 /* AppDelegate.m in Sources */,
				1AE9364A18E39CC0000C29B0 /* MasterViewController.m in Sources */,
				1AE9363D18E39CC0000C29B0 /* main.m in Sources */,
				1AE9364D18E39CC0000C29B0 /* DetailViewController.m in Sources */,
			);
			runOnlyForDeploymentPostprocessing = 0;
		};
		1AE9365018E39CC1000C29B0 /* Sources */ = {
			isa = PBXSourcesBuildPhase;
			buildActionMask = 2147483647;
			files = (
				1AE9366218E39CC1000C29B0 /* Test_AppTests.m in Sources */,
			);
			runOnlyForDeploymentPostprocessing = 0;
		};
/* End PBXSourcesBuildPhase section */

/* Begin PBXTargetDependency section */
		1AE9365A18E39CC1000C29B0 /* PBXTargetDependency */ = {
			isa = PBXTargetDependency;
			target = 1AE9362C18E39CC0000C29B0 /* Test App */;
			targetProxy = 1AE9365918E39CC1000C29B0 /* PBXContainerItemProxy */;
		};
/* End PBXTargetDependency section */

/* Begin PBXVariantGroup section */
		1AE9363918E39CC0000C29B0 /* InfoPlist.strings */ = {
			isa = PBXVariantGroup;
			children = (
				1AE9363A18E39CC0000C29B0 /* en */,
			);
			name = InfoPlist.strings;
			sourceTree = "<group>";
		};
		1AE9364218E39CC0000C29B0 /* Main_iPhone.storyboard */ = {
			isa = PBXVariantGroup;
			children = (
				1AE9364318E39CC0000C29B0 /* Base */,
			);
			name = Main_iPhone.storyboard;
			sourceTree = "<group>";
		};
		1AE9364518E39CC0000C29B0 /* Main_iPad.storyboard */ = {
			isa = PBXVariantGroup;
			children = (
				1AE9364618E39CC0000C29B0 /* Base */,
			);
			name = Main_iPad.storyboard;
			sourceTree = "<group>";
		};
		1AE9365E18E39CC1000C29B0 /* InfoPlist.strings */ = {
			isa = PBXVariantGroup;
			children = (
				1AE9365F18E39CC1000C29B0 /* en */,
			);
			name = InfoPlist.strings;
			sourceTree = "<group>";
		};
/* End PBXVariantGroup section */

/* Begin XCBuildConfiguration section */
		1AE9366318E39CC1000C29B0 /* Debug */ = {
			isa = XCBuildConfiguration;
			buildSettings = {
				ALWAYS_SEARCH_USER_PATHS = NO;
				CLANG_CXX_LANGUAGE_STANDARD = "gnu++0x";
				CLANG_CXX_LIBRARY = "libc++";
				CLANG_ENABLE_MODULES = YES;
				CLANG_ENABLE_OBJC_ARC = YES;
				CLANG_WARN_BOOL_CONVERSION = YES;
				CLANG_WARN_CONSTANT_CONVERSION = YES;
				CLANG_WARN_DIRECT_OBJC_ISA_USAGE = YES_ERROR;
				CLANG_WARN_EMPTY_BODY = YES;
				CLANG_WARN_ENUM_CONVERSION = YES;
				CLANG_WARN_INT_CONVERSION = YES;
				CLANG_WARN_OBJC_ROOT_CLASS = YES_ERROR;
				CLANG_WARN__DUPLICATE_METHOD_MATCH = YES;
				"CODE_SIGN_IDENTITY[sdk=iphoneos*]" = "iPhone Developer";
				COPY_PHASE_STRIP = NO;
				GCC_C_LANGUAGE_STANDARD = gnu99;
				GCC_DYNAMIC_NO_PIC = NO;
				GCC_OPTIMIZATION_LEVEL = 0;
				GCC_PREPROCESSOR_DEFINITIONS = (
					"DEBUG=1",
					"$(inherited)",
				);
				GCC_SYMBOLS_PRIVATE_EXTERN = NO;
				GCC_WARN_64_TO_32_BIT_CONVERSION = YES;
				GCC_WARN_ABOUT_RETURN_TYPE = YES_ERROR;
				GCC_WARN_UNDECLARED_SELECTOR = YES;
				GCC_WARN_UNINITIALIZED_AUTOS = YES_AGGRESSIVE;
				GCC_WARN_UNUSED_FUNCTION = YES;
				GCC_WARN_UNUSED_VARIABLE = YES;
				IPHONEOS_DEPLOYMENT_TARGET = 7.1;
				ONLY_ACTIVE_ARCH = YES;
				SDKROOT = iphoneos;
				TARGETED_DEVICE_FAMILY = "1,2";
			};
			name = Debug;
		};
		1AE9366418E39CC1000C29B0 /* Release */ = {
			isa = XCBuildConfiguration;
			buildSettings = {
				ALWAYS_SEARCH_USER_PATHS = NO;
				CLANG_CXX_LANGUAGE_STANDARD = "gnu++0x";
				CLANG_CXX_LIBRARY = "libc++";
				CLANG_ENABLE_MODULES = YES;
				CLANG_ENABLE_OBJC_ARC = YES;
				CLANG_WARN_BOOL_CONVERSION = YES;
				CLANG_WARN_CONSTANT_CONVERSION = YES;
				CLANG_WARN_DIRECT_OBJC_ISA_USAGE = YES_ERROR;
				CLANG_WARN_EMPTY_BODY = YES;
				CLANG_WARN_ENUM_CONVERSION = YES;
				CLANG_WARN_INT_CONVERSION = YES;
				CLANG_WARN_OBJC_ROOT_CLASS = YES_ERROR;
				CLANG_WARN__DUPLICATE_METHOD_MATCH = YES;
				"CODE_SIGN_IDENTITY[sdk=iphoneos*]" = "iPhone Developer";
				COPY_PHASE_STRIP = YES;
				ENABLE_NS_ASSERTIONS = NO;
				GCC_C_LANGUAGE_STANDARD = gnu99;
				GCC_WARN_64_TO_32_BIT_CONVERSION = YES;
				GCC_WARN_ABOUT_RETURN_TYPE = YES_ERROR;
				GCC_WARN_UNDECLARED_SELECTOR = YES;
				GCC_WARN_UNINITIALIZED_AUTOS = YES_AGGRESSIVE;
				GCC_WARN_UNUSED_FUNCTION = YES;
				GCC_WARN_UNUSED_VARIABLE = YES;
				IPHONEOS_DEPLOYMENT_TARGET = 7.1;
				SDKROOT = iphoneos;
				TARGETED_DEVICE_FAMILY = "1,2";
				VALIDATE_PRODUCT = YES;
			};
			name = Release;
		};
		1AE9366618E39CC1000C29B0 /* Debug */ = {
			isa = XCBuildConfiguration;
			buildSettings = {
				ASSETCATALOG_COMPILER_APPICON_NAME = AppIcon;
				ASSETCATALOG_COMPILER_LAUNCHIMAGE_NAME = LaunchImage;
				GCC_PRECOMPILE_PREFIX_HEADER = YES;
				GCC_PREFIX_HEADER = "Test App/Test App-Prefix.pch";
				INFOPLIST_FILE = "Test App/Test App-Info.plist";
				PRODUCT_NAME = "$(TARGET_NAME)";
				WRAPPER_EXTENSION = app;
			};
			name = Debug;
		};
		1AE9366718E39CC1000C29B0 /* Release */ = {
			isa = XCBuildConfiguration;
			buildSettings = {
				ASSETCATALOG_COMPILER_APPICON_NAME = AppIcon;
				ASSETCATALOG_COMPILER_LAUNCHIMAGE_NAME = LaunchImage;
				GCC_PRECOMPILE_PREFIX_HEADER = YES;
				GCC_PREFIX_HEADER = "Test App/Test App-Prefix.pch";
				INFOPLIST_FILE = "Test App/Test App-Info.plist";
				PRODUCT_NAME = "$(TARGET_NAME)";
				WRAPPER_EXTENSION = app;
			};
			name = Release;
		};
		1AE9366918E39CC1000C29B0 /* Debug */ = {
			isa = XCBuildConfiguration;
			buildSettings = {
				BUNDLE_LOADER = "$(BUILT_PRODUCTS_DIR)/Test App.app/Test App";
				FRAMEWORK_SEARCH_PATHS = (
					"$(SDKROOT)/Developer/Library/Frameworks",
					"$(inherited)",
					"$(DEVELOPER_FRAMEWORKS_DIR)",
				);
				GCC_PRECOMPILE_PREFIX_HEADER = YES;
				GCC_PREFIX_HEADER = "Test App/Test App-Prefix.pch";
				GCC_PREPROCESSOR_DEFINITIONS = (
					"DEBUG=1",
					"$(inherited)",
				);
				INFOPLIST_FILE = "Test AppTests/Test AppTests-Info.plist";
				PRODUCT_NAME = "$(TARGET_NAME)";
				TEST_HOST = "$(BUNDLE_LOADER)";
				WRAPPER_EXTENSION = xctest;
			};
			name = Debug;
		};
		1AE9366A18E39CC1000C29B0 /* Release */ = {
			isa = XCBuildConfiguration;
			buildSettings = {
				BUNDLE_LOADER = "$(BUILT_PRODUCTS_DIR)/Test App.app/Test App";
				FRAMEWORK_SEARCH_PATHS = (
					"$(SDKROOT)/Developer/Library/Frameworks",
					"$(inherited)",
					"$(DEVELOPER_FRAMEWORKS_DIR)",
				);
				GCC_PRECOMPILE_PREFIX_HEADER = YES;
				GCC_PREFIX_HEADER = "Test App/Test App-Prefix.pch";
				INFOPLIST_FILE = "Test AppTests/Test AppTests-Info.plist";
				PRODUCT_NAME = "$(TARGET_NAME)";
				TEST_HOST = "$(BUNDLE_LOADER)";
				WRAPPER_EXTENSION = xctest;
			};
			name = Release;
		};
/* End XCBuildConfiguration section */

/* Begin XCConfigurationList section */
		1AE9362818E39CC0000C29B0 /* Build configuration list for PBXProject "Test App" */ = {
			isa = XCConfigurationList;
			buildConfigurations = (
				1AE9366318E39CC1000C29B0 /* Debug */,
				1AE9366418E39CC1000C29B0 /* Release */,
			);
			defaultConfigurationIsVisible = 0;
			defaultConfigurationName = Release;
		};
		1AE9366518E39CC1000C29B0 /* Build configuration list for PBXNativeTarget "Test App" */ = {
			isa = XCConfigurationList;
			buildConfigurations = (
				1AE9366618E39CC1000C29B0 /* Debug */,
				1AE9366718E39CC1000C29B0 /* Release */,
			);
			defaultConfigurationIsVisible = 0;
		};
		1AE9366818E39CC1000C29B0 /* Build configuration list for PBXNativeTarget "Test AppTests" */ = {
			isa = XCConfigurationList;
			buildConfigurations = (
				1AE9366918E39CC1000C29B0 /* Debug */,
				1AE9366A18E39CC1000C29B0 /* Release */,
			);
			defaultConfigurationIsVisible = 0;
		};
/* End XCConfigurationList section */
	};
	rootObject = 1AE9362518E39CC0000C29B0 /* Project object */;
}
